{
  "nodes": {
    "fl-config": {
      "locked": {
        "lastModified": 1,
        "narHash": "sha256-PvB9ha0r4w6p412MBPP71kS/ZTBnOjxL0brlmyucPBA=",
        "path": "/nix/store/6pwk3rs7k8gydj959jby3z6fjlqqmjc7-source/config",
        "type": "path"
      },
      "original": {
        "path": "/nix/store/6pwk3rs7k8gydj959jby3z6fjlqqmjc7-source/config",
        "type": "path"
      }
    },
    "flakelib": {
      "inputs": {
        "fl-config": "fl-config",
        "std": [
          "std"
        ]
      },
      "locked": {
        "lastModified": 1650746355,
        "narHash": "sha256-7QpbD8N/eGcdA3HyjxFvAZBsfgeKKsOfR4pIm/n3oAc=",
        "owner": "flakelib",
        "repo": "fl",
        "rev": "062dca6cfb64f8b86bebcc4dcf96cde784e66e67",
        "type": "github"
      },
      "original": {
        "owner": "flakelib",
        "repo": "fl",
        "type": "github"
      }
    },
    "nixpkgs": {
      "locked": {
        "lastModified": 1650745764,
        "narHash": "sha256-3oCt4eX/plFZrdj3xto0BoCyZggUUt1ErTEuMgK36hc=",
        "owner": "NixOS",
        "repo": "nixpkgs",
        "rev": "c8c2bbb27f7703177b43c402dcc334bfb6563f44",
        "type": "github"
      },
      "original": {
        "owner": "NixOS",
        "repo": "nixpkgs",
        "type": "github"
      }
    },
    "root": {
      "inputs": {
        "flakelib": "flakelib",
        "nixpkgs": "nixpkgs",
        "std": "std"
      }
    },
    "std": {
      "locked": {
        "lastModified": 1650329036,
        "narHash": "sha256-z5W9NPTAlURHc5fMQVtQfXiPanHzH6GXHQf7zoewKyg=",
        "owner": "flakelib",
        "repo": "std",
        "rev": "f85b486027aaa86cd477149e20126b59dec1d935",
        "type": "github"
      },
      "original": {
        "owner": "flakelib",
        "repo": "std",
        "type": "github"
      }
    }
  },
  "root": "root",
  "version": 7
}
